
Microsoft Visual Studio Solution File, Format Version 12.00
# Visual Studio 15
VisualStudioVersion = 15.0.27428.2002
MinimumVisualStudioVersion = 10.0.40219.1
Project("{FAE04EC0-301F-11D3-BF4B-00C04F79EFBC}") = "DomainConnectDDNSUpdate", "DomainConnectDDNSUpdate\DomainConnectDDNSUpdate.csproj", "{CA5B3F26-C55B-4BA4-8955-D9BB8D1BE175}"
EndProject
Project("{FAE04EC0-301F-11D3-BF4B-00C04F79EFBC}") = "Tester", "Tester\Tester.csproj", "{BFC3D606-A827-4A63-AE16-FCA4097E1770}"
EndProject
Global
	GlobalSection(SolutionConfigurationPlatforms) = preSolution
		Debug|Any CPU = Debug|Any CPU
		Release|Any CPU = Release|Any CPU
	EndGlobalSection
	GlobalSection(ProjectConfigurationPlatforms) = postSolution
		{CA5B3F26-C55B-4BA4-8955-D9BB8D1BE175}.Debug|Any CPU.ActiveCfg = Debug|Any CPU
		{CA5B3F26-C55B-4BA4-8955-D9BB8D1BE175}.Debug|Any CPU.Build.0 = Debug|Any CPU
		{CA5B3F26-C55B-4BA4-8955-D9BB8D1BE175}.Release|Any CPU.ActiveCfg = Release|Any CPU
		{CA5B3F26-C55B-4BA4-8955-D9BB8D1BE175}.Release|Any CPU.Build.0 = Release|Any CPU
		{BFC3D606-A827-4A63-AE16-FCA4097E1770}.Debug|Any CPU.ActiveCfg = Debug|Any CPU
		{BFC3D606-A827-4A63-AE16-FCA4097E1770}.Debug|Any CPU.Build.0 = Debug|Any CPU
		{BFC3D606-A827-4A63-AE16-FCA4097E1770}.Release|Any CPU.ActiveCfg = Release|Any CPU
		{BFC3D606-A827-4A63-AE16-FCA4097E1770}.Release|Any CPU.Build.0 = Release|Any CPU
	EndGlobalSection
	GlobalSection(SolutionProperties) = preSolution
		HideSolutionNode = FALSE
	EndGlobalSection
	GlobalSection(ExtensibilityGlobals) = postSolution
		SolutionGuid = {0F878C74-6BF4-431A-9023-F4BEA0764CEE}
	EndGlobalSection
EndGlobal
